// !$*UTF8*$!
{
	archiveVersion = 1;
	classes = {
	};
	objectVersion = 56;
	objects = {

/* Begin PBXBuildFile section */
		B00000000000000000000001 /* CloudDocuments.swift in Sources */ = {isa = PBXBuildFile; fileRef = F00000000000000000000001 /* CloudDocuments.swift */; };
		B00000000000000000000002 /* ClassroomDefaults.swift in Sources */ = {isa = PBXBuildFile; fileRef = F00000000000000000000002 /* ClassroomDefaults.swift */; };
		B00000000000000000000003 /* DesignTokens.swift in Sources */ = {isa = PBXBuildFile; fileRef = F00000000000000000000003 /* DesignTokens.swift */; };
		B00000000000000000000004 /* SnapshotBuilder.swift in Sources */ = {isa = PBXBuildFile; fileRef = F00000000000000000000004 /* SnapshotBuilder.swift */; };
		B00000000000000000000005 /* SnapshotDerive.swift in Sources */ = {isa = PBXBuildFile; fileRef = F00000000000000000000005 /* SnapshotDerive.swift */; };
		B00000000000000000000006 /* SnapshotModel.swift in Sources */ = {isa = PBXBuildFile; fileRef = F00000000000000000000006 /* SnapshotModel.swift */; };
		B00000000000000000000007 /* SnapshotSample.swift in Sources */ = {isa = PBXBuildFile; fileRef = F00000000000000000000007 /* SnapshotSample.swift */; };
		B00000000000000000000008 /* SnapshotStore.swift in Sources */ = {isa = PBXBuildFile; fileRef = F00000000000000000000008 /* SnapshotStore.swift */; };
		B00000000000000000000009 /* WidgetLinks.swift in Sources */ = {isa = PBXBuildFile; fileRef = F00000000000000000000009 /* WidgetLinks.swift */; };
		B0000000000000000000000A /* CloudDocuments.swift in Sources */ = {isa = PBXBuildFile; fileRef = F00000000000000000000001 /* CloudDocuments.swift */; };
		B0000000000000000000000B /* ClassroomDefaults.swift in Sources */ = {isa = PBXBuildFile; fileRef = F00000000000000000000002 /* ClassroomDefaults.swift */; };
		B0000000000000000000000C /* DesignTokens.swift in Sources */ = {isa = PBXBuildFile; fileRef = F00000000000000000000003 /* DesignTokens.swift */; };
		B0000000000000000000000D /* SnapshotBuilder.swift in Sources */ = {isa = PBXBuildFile; fileRef = F00000000000000000000004 /* SnapshotBuilder.swift */; };
		B0000000000000000000000E /* SnapshotDerive.swift in Sources */ = {isa = PBXBuildFile; fileRef = F00000000000000000000005 /* SnapshotDerive.swift */; };
		B0000000000000000000000F /* SnapshotModel.swift in Sources */ = {isa = PBXBuildFile; fileRef = F00000000000000000000006 /* SnapshotModel.swift */; };
		B00000000000000000000010 /* SnapshotSample.swift in Sources */ = {isa = PBXBuildFile; fileRef = F00000000000000000000007 /* SnapshotSample.swift */; };
		B00000000000000000000011 /* SnapshotStore.swift in Sources */ = {isa = PBXBuildFile; fileRef = F00000000000000000000008 /* SnapshotStore.swift */; };
		B00000000000000000000012 /* WidgetLinks.swift in Sources */ = {isa = PBXBuildFile; fileRef = F00000000000000000000009 /* WidgetLinks.swift */; };
		B00000000000000000000013 /* TeacherDeskApp.swift in Sources */ = {isa = PBXBuildFile; fileRef = F0000000000000000000000A /* TeacherDeskApp.swift */; };
		B00000000000000000000014 /* AppState.swift in Sources */ = {isa = PBXBuildFile; fileRef = F0000000000000000000000B /* AppState.swift */; };
		B00000000000000000000015 /* HostView.swift in Sources */ = {isa = PBXBuildFile; fileRef = F0000000000000000000000C /* HostView.swift */; };
		B00000000000000000000016 /* CloudBaseClient.swift in Sources */ = {isa = PBXBuildFile; fileRef = F0000000000000000000000D /* CloudBaseClient.swift */; };
		B00000000000000000000017 /* KeychainStore.swift in Sources */ = {isa = PBXBuildFile; fileRef = F0000000000000000000000E /* KeychainStore.swift */; };
		B00000000000000000000018 /* Assets.xcassets in Resources */ = {isa = PBXBuildFile; fileRef = F00000000000000000000011 /* Assets.xcassets */; };
		B00000000000000000000019 /* TeacherDeskWidgetBundle.swift in Sources */ = {isa = PBXBuildFile; fileRef = F00000000000000000000012 /* TeacherDeskWidgetBundle.swift */; };
		B0000000000000000000001A /* TeacherDeskWidgets.swift in Sources */ = {isa = PBXBuildFile; fileRef = F00000000000000000000013 /* TeacherDeskWidgets.swift */; };
		B0000000000000000000001B /* WidgetChrome.swift in Sources */ = {isa = PBXBuildFile; fileRef = F00000000000000000000014 /* WidgetChrome.swift */; };
		B0000000000000000000001C /* LessonWidgetView.swift in Sources */ = {isa = PBXBuildFile; fileRef = F00000000000000000000015 /* LessonWidgetView.swift */; };
		B0000000000000000000001D /* TodoWidgetView.swift in Sources */ = {isa = PBXBuildFile; fileRef = F00000000000000000000016 /* TodoWidgetView.swift */; };
		B0000000000000000000001E /* ClassWidgetView.swift in Sources */ = {isa = PBXBuildFile; fileRef = F00000000000000000000017 /* ClassWidgetView.swift */; };
		B0000000000000000000001F /* TeacherDeskWidget.appex in Embed Foundation Extensions */ = {isa = PBXBuildFile; fileRef = F0000000000000000000001B /* TeacherDeskWidget.appex */; settings = {ATTRIBUTES = (RemoveHeadersOnCopy, ); }; };
/* End PBXBuildFile section */

/* Begin PBXContainerItemProxy section */
		CP0000000000000000000001 /* PBXContainerItemProxy */ = {
			isa = PBXContainerItemProxy;
			containerPortal = P00000000000000000000001 /* Project object */;
			proxyType = 1;
			remoteGlobalIDString = T00000000000000000000002;
			remoteInfo = TeacherDeskWidget;
		};
/* End PBXContainerItemProxy section */

/* Begin PBXCopyFilesBuildPhase section */
		C00000000000000000000001 /* Embed Foundation Extensions */ = {
			isa = PBXCopyFilesBuildPhase;
			buildActionMask = 2147483647;
			dstPath = "";
			dstSubfolderSpec = 13;
			files = (
				B0000000000000000000001F /* TeacherDeskWidget.appex in Embed Foundation Extensions */,
			);
			name = "Embed Foundation Extensions";
			runOnlyForDeploymentPostprocessing = 0;
		};
/* End PBXCopyFilesBuildPhase section */

/* Begin PBXFileReference section */
		F00000000000000000000001 /* CloudDocuments.swift */ = {isa = PBXFileReference; lastKnownFileType = sourcecode.swift; path = CloudDocuments.swift; sourceTree = "<group>"; };
		F00000000000000000000002 /* ClassroomDefaults.swift */ = {isa = PBXFileReference; lastKnownFileType = sourcecode.swift; path = ClassroomDefaults.swift; sourceTree = "<group>"; };
		F00000000000000000000003 /* DesignTokens.swift */ = {isa = PBXFileReference; lastKnownFileType = sourcecode.swift; path = DesignTokens.swift; sourceTree = "<group>"; };
		F00000000000000000000004 /* SnapshotBuilder.swift */ = {isa = PBXFileReference; lastKnownFileType = sourcecode.swift; path = SnapshotBuilder.swift; sourceTree = "<group>"; };
		F00000000000000000000005 /* SnapshotDerive.swift */ = {isa = PBXFileReference; lastKnownFileType = sourcecode.swift; path = SnapshotDerive.swift; sourceTree = "<group>"; };
		F00000000000000000000006 /* SnapshotModel.swift */ = {isa = PBXFileReference; lastKnownFileType = sourcecode.swift; path = SnapshotModel.swift; sourceTree = "<group>"; };
		F00000000000000000000007 /* SnapshotSample.swift */ = {isa = PBXFileReference; lastKnownFileType = sourcecode.swift; path = SnapshotSample.swift; sourceTree = "<group>"; };
		F00000000000000000000008 /* SnapshotStore.swift */ = {isa = PBXFileReference; lastKnownFileType = sourcecode.swift; path = SnapshotStore.swift; sourceTree = "<group>"; };
		F00000000000000000000009 /* WidgetLinks.swift */ = {isa = PBXFileReference; lastKnownFileType = sourcecode.swift; path = WidgetLinks.swift; sourceTree = "<group>"; };
		F0000000000000000000000A /* TeacherDeskApp.swift */ = {isa = PBXFileReference; lastKnownFileType = sourcecode.swift; path = TeacherDeskApp.swift; sourceTree = "<group>"; };
		F0000000000000000000000B /* AppState.swift */ = {isa = PBXFileReference; lastKnownFileType = sourcecode.swift; path = AppState.swift; sourceTree = "<group>"; };
		F0000000000000000000000C /* HostView.swift */ = {isa = PBXFileReference; lastKnownFileType = sourcecode.swift; path = HostView.swift; sourceTree = "<group>"; };
		F0000000000000000000000D /* CloudBaseClient.swift */ = {isa = PBXFileReference; lastKnownFileType = sourcecode.swift; path = CloudBaseClient.swift; sourceTree = "<group>"; };
		F0000000000000000000000E /* KeychainStore.swift */ = {isa = PBXFileReference; lastKnownFileType = sourcecode.swift; path = KeychainStore.swift; sourceTree = "<group>"; };
		F0000000000000000000000F /* Info.plist */ = {isa = PBXFileReference; lastKnownFileType = text.plist.xml; path = Info.plist; sourceTree = "<group>"; };
		F00000000000000000000010 /* TeacherDesk.entitlements */ = {isa = PBXFileReference; lastKnownFileType = text.plist.entitlements; path = TeacherDesk.entitlements; sourceTree = "<group>"; };
		F00000000000000000000011 /* Assets.xcassets */ = {isa = PBXFileReference; lastKnownFileType = folder.assetcatalog; path = Assets.xcassets; sourceTree = "<group>"; };
		F00000000000000000000012 /* TeacherDeskWidgetBundle.swift */ = {isa = PBXFileReference; lastKnownFileType = sourcecode.swift; path = TeacherDeskWidgetBundle.swift; sourceTree = "<group>"; };
		F00000000000000000000013 /* TeacherDeskWidgets.swift */ = {isa = PBXFileReference; lastKnownFileType = sourcecode.swift; path = TeacherDeskWidgets.swift; sourceTree = "<group>"; };
		F00000000000000000000014 /* WidgetChrome.swift */ = {isa = PBXFileReference; lastKnownFileType = sourcecode.swift; path = WidgetChrome.swift; sourceTree = "<group>"; };
		F00000000000000000000015 /* LessonWidgetView.swift */ = {isa = PBXFileReference; lastKnownFileType = sourcecode.swift; path = LessonWidgetView.swift; sourceTree = "<group>"; };
		F00000000000000000000016 /* TodoWidgetView.swift */ = {isa = PBXFileReference; lastKnownFileType = sourcecode.swift; path = TodoWidgetView.swift; sourceTree = "<group>"; };
		F00000000000000000000017 /* ClassWidgetView.swift */ = {isa = PBXFileReference; lastKnownFileType = sourcecode.swift; path = ClassWidgetView.swift; sourceTree = "<group>"; };
		F00000000000000000000018 /* Info.plist */ = {isa = PBXFileReference; lastKnownFileType = text.plist.xml; path = Info.plist; sourceTree = "<group>"; };
		F00000000000000000000019 /* TeacherDeskWidget.entitlements */ = {isa = PBXFileReference; lastKnownFileType = text.plist.entitlements; path = TeacherDeskWidget.entitlements; sourceTree = "<group>"; };
		F0000000000000000000001A /* TeacherDesk.app */ = {isa = PBXFileReference; explicitFileType = wrapper.application; includeInIndex = 0; path = TeacherDesk.app; sourceTree = BUILT_PRODUCTS_DIR; };
		F0000000000000000000001B /* TeacherDeskWidget.appex */ = {isa = PBXFileReference; explicitFileType = "wrapper.app-extension"; includeInIndex = 0; path = TeacherDeskWidget.appex; sourceTree = BUILT_PRODUCTS_DIR; };
/* End PBXFileReference section */

/* Begin PBXFrameworksBuildPhase section */
		FW0000000000000000000001 /* Frameworks */ = {
			isa = PBXFrameworksBuildPhase;
			buildActionMask = 2147483647;
			files = (
			);
			runOnlyForDeploymentPostprocessing = 0;
		};
		FW0000000000000000000002 /* Frameworks */ = {
			isa = PBXFrameworksBuildPhase;
			buildActionMask = 2147483647;
			files = (
			);
			runOnlyForDeploymentPostprocessing = 0;
		};
/* End PBXFrameworksBuildPhase section */

/* Begin PBXGroup section */
		G00000000000000000000001 = {
			isa = PBXGroup;
			children = (
				G00000000000000000000002 /* Shared */,
				G00000000000000000000003 /* TeacherDesk */,
				G00000000000000000000004 /* TeacherDeskWidget */,
				G00000000000000000000006 /* Products */,
			);
			sourceTree = "<group>";
		};
		G00000000000000000000002 /* Shared */ = {
			isa = PBXGroup;
			children = (
				F00000000000000000000001 /* CloudDocuments.swift */,
				F00000000000000000000002 /* ClassroomDefaults.swift */,
				F00000000000000000000003 /* DesignTokens.swift */,
				F00000000000000000000004 /* SnapshotBuilder.swift */,
				F00000000000000000000005 /* SnapshotDerive.swift */,
				F00000000000000000000006 /* SnapshotModel.swift */,
				F00000000000000000000007 /* SnapshotSample.swift */,
				F00000000000000000000008 /* SnapshotStore.swift */,
				F00000000000000000000009 /* WidgetLinks.swift */,
			);
			path = Shared;
			sourceTree = "<group>";
		};
		G00000000000000000000003 /* TeacherDesk */ = {
			isa = PBXGroup;
			children = (
				F0000000000000000000000A /* TeacherDeskApp.swift */,
				F0000000000000000000000B /* AppState.swift */,
				F0000000000000000000000C /* HostView.swift */,
				F0000000000000000000000D /* CloudBaseClient.swift */,
				F0000000000000000000000E /* KeychainStore.swift */,
				F00000000000000000000011 /* Assets.xcassets */,
				F0000000000000000000000F /* Info.plist */,
				F00000000000000000000010 /* TeacherDesk.entitlements */,
			);
			path = TeacherDesk;
			sourceTree = "<group>";
		};
		G00000000000000000000004 /* TeacherDeskWidget */ = {
			isa = PBXGroup;
			children = (
				F00000000000000000000012 /* TeacherDeskWidgetBundle.swift */,
				F00000000000000000000013 /* TeacherDeskWidgets.swift */,
				G00000000000000000000005 /* Views */,
				F00000000000000000000018 /* Info.plist */,
				F00000000000000000000019 /* TeacherDeskWidget.entitlements */,
			);
			path = TeacherDeskWidget;
			sourceTree = "<group>";
		};
		G00000000000000000000005 /* Views */ = {
			isa = PBXGroup;
			children = (
				F00000000000000000000014 /* WidgetChrome.swift */,
				F00000000000000000000015 /* LessonWidgetView.swift */,
				F00000000000000000000016 /* TodoWidgetView.swift */,
				F00000000000000000000017 /* ClassWidgetView.swift */,
			);
			path = Views;
			sourceTree = "<group>";
		};
		G00000000000000000000006 /* Products */ = {
			isa = PBXGroup;
			children = (
				F0000000000000000000001A /* TeacherDesk.app */,
				F0000000000000000000001B /* TeacherDeskWidget.appex */,
			);
			name = Products;
			sourceTree = "<group>";
		};
/* End PBXGroup section */

/* Begin PBXNativeTarget section */
		T00000000000000000000001 /* TeacherDesk */ = {
			isa = PBXNativeTarget;
			buildConfigurationList = CL0000000000000000000002 /* Build configuration list for PBXNativeTarget "TeacherDesk" */;
			buildPhases = (
				S00000000000000000000001 /* Sources */,
				FW0000000000000000000001 /* Frameworks */,
				R00000000000000000000001 /* Resources */,
				C00000000000000000000001 /* Embed Foundation Extensions */,
			);
			buildRules = (
			);
			dependencies = (
				TD0000000000000000000001 /* PBXTargetDependency */,
			);
			name = TeacherDesk;
			productName = TeacherDesk;
			productReference = F0000000000000000000001A /* TeacherDesk.app */;
			productType = "com.apple.product-type.application";
		};
		T00000000000000000000002 /* TeacherDeskWidget */ = {
			isa = PBXNativeTarget;
			buildConfigurationList = CL0000000000000000000003 /* Build configuration list for PBXNativeTarget "TeacherDeskWidget" */;
			buildPhases = (
				S00000000000000000000002 /* Sources */,
				FW0000000000000000000002 /* Frameworks */,
				R00000000000000000000002 /* Resources */,
			);
			buildRules = (
			);
			dependencies = (
			);
			name = TeacherDeskWidget;
			productName = TeacherDeskWidget;
			productReference = F0000000000000000000001B /* TeacherDeskWidget.appex */;
			productType = "com.apple.product-type.app-extension";
		};
/* End PBXNativeTarget section */

/* Begin PBXProject section */
		P00000000000000000000001 /* Project object */ = {
			isa = PBXProject;
			attributes = {
				BuildIndependentTargetsInParallel = 1;
				LastSwiftUpdateCheck = 1500;
				LastUpgradeCheck = 1500;
				TargetAttributes = {
					T00000000000000000000001 = {
						CreatedOnToolsVersion = 15.0;
					};
					T00000000000000000000002 = {
						CreatedOnToolsVersion = 15.0;
					};
				};
			};
			buildConfigurationList = CL0000000000000000000001 /* Build configuration list for PBXProject "TeacherDesk" */;
			compatibilityVersion = "Xcode 14.0";
			developmentRegion = zh-Hans;
			hasScannedForEncodings = 0;
			knownRegions = (
				zh-Hans,
				Base,
			);
			mainGroup = G00000000000000000000001;
			productRefGroup = G00000000000000000000006 /* Products */;
			projectDirPath = "";
			projectRoot = "";
			targets = (
				T00000000000000000000001 /* TeacherDesk */,
				T00000000000000000000002 /* TeacherDeskWidget */,
			);
		};
/* End PBXProject section */

/* Begin PBXResourcesBuildPhase section */
		R00000000000000000000001 /* Resources */ = {
			isa = PBXResourcesBuildPhase;
			buildActionMask = 2147483647;
			files = (
				B00000000000000000000018 /* Assets.xcassets in Resources */,
			);
			runOnlyForDeploymentPostprocessing = 0;
		};
		R00000000000000000000002 /* Resources */ = {
			isa = PBXResourcesBuildPhase;
			buildActionMask = 2147483647;
			files = (
			);
			runOnlyForDeploymentPostprocessing = 0;
		};
/* End PBXResourcesBuildPhase section */

/* Begin PBXSourcesBuildPhase section */
		S00000000000000000000001 /* Sources */ = {
			isa = PBXSourcesBuildPhase;
			buildActionMask = 2147483647;
			files = (
				B00000000000000000000013 /* TeacherDeskApp.swift in Sources */,
				B00000000000000000000014 /* AppState.swift in Sources */,
				B00000000000000000000015 /* HostView.swift in Sources */,
				B00000000000000000000016 /* CloudBaseClient.swift in Sources */,
				B00000000000000000000017 /* KeychainStore.swift in Sources */,
				B00000000000000000000001 /* CloudDocuments.swift in Sources */,
				B00000000000000000000002 /* ClassroomDefaults.swift in Sources */,
				B00000000000000000000003 /* DesignTokens.swift in Sources */,
				B00000000000000000000004 /* SnapshotBuilder.swift in Sources */,
				B00000000000000000000005 /* SnapshotDerive.swift in Sources */,
				B00000000000000000000006 /* SnapshotModel.swift in Sources */,
				B00000000000000000000007 /* SnapshotSample.swift in Sources */,
				B00000000000000000000008 /* SnapshotStore.swift in Sources */,
				B00000000000000000000009 /* WidgetLinks.swift in Sources */,
			);
			runOnlyForDeploymentPostprocessing = 0;
		};
		S00000000000000000000002 /* Sources */ = {
			isa = PBXSourcesBuildPhase;
			buildActionMask = 2147483647;
			files = (
				B00000000000000000000019 /* TeacherDeskWidgetBundle.swift in Sources */,
				B0000000000000000000001A /* TeacherDeskWidgets.swift in Sources */,
				B0000000000000000000001B /* WidgetChrome.swift in Sources */,
				B0000000000000000000001C /* LessonWidgetView.swift in Sources */,
				B0000000000000000000001D /* TodoWidgetView.swift in Sources */,
				B0000000000000000000001E /* ClassWidgetView.swift in Sources */,
				B0000000000000000000000A /* CloudDocuments.swift in Sources */,
				B0000000000000000000000B /* ClassroomDefaults.swift in Sources */,
				B0000000000000000000000C /* DesignTokens.swift in Sources */,
				B0000000000000000000000D /* SnapshotBuilder.swift in Sources */,
				B0000000000000000000000E /* SnapshotDerive.swift in Sources */,
				B0000000000000000000000F /* SnapshotModel.swift in Sources */,
				B00000000000000000000010 /* SnapshotSample.swift in Sources */,
				B00000000000000000000011 /* SnapshotStore.swift in Sources */,
				B00000000000000000000012 /* WidgetLinks.swift in Sources */,
			);
			runOnlyForDeploymentPostprocessing = 0;
		};
/* End PBXSourcesBuildPhase section */

/* Begin PBXTargetDependency section */
		TD0000000000000000000001 /* PBXTargetDependency */ = {
			isa = PBXTargetDependency;
			target = T00000000000000000000002 /* TeacherDeskWidget */;
			targetProxy = CP0000000000000000000001 /* PBXContainerItemProxy */;
		};
/* End PBXTargetDependency section */

/* Begin XCBuildConfiguration section */
		D00000000000000000000001 /* Debug */ = {
			isa = XCBuildConfiguration;
			buildSettings = {
				ALWAYS_SEARCH_USER_PATHS = NO;
				CLANG_ENABLE_MODULES = YES;
				CLANG_ENABLE_OBJC_ARC = YES;
				COPY_PHASE_STRIP = NO;
				DEBUG_INFORMATION_FORMAT = dwarf;
				ENABLE_STRICT_OBJC_MSGSEND = YES;
				ENABLE_TESTABILITY = YES;
				GCC_DYNAMIC_NO_PIC = NO;
				GCC_OPTIMIZATION_LEVEL = 0;
				GCC_PREPROCESSOR_DEFINITIONS = (
					"DEBUG=1",
					"$(inherited)",
				);
				MACOSX_DEPLOYMENT_TARGET = 14.0;
				MTL_ENABLE_DEBUG_INFO = INCLUDE_SOURCE;
				ONLY_ACTIVE_ARCH = YES;
				SDKROOT = macosx;
				SWIFT_ACTIVE_COMPILATION_CONDITIONS = DEBUG;
				SWIFT_OPTIMIZATION_LEVEL = "-Onone";
				SWIFT_VERSION = 5.0;
			};
			name = Debug;
		};
		D00000000000000000000002 /* Release */ = {
			isa = XCBuildConfiguration;
			buildSettings = {
				ALWAYS_SEARCH_USER_PATHS = NO;
				CLANG_ENABLE_MODULES = YES;
				CLANG_ENABLE_OBJC_ARC = YES;
				COPY_PHASE_STRIP = NO;
				DEBUG_INFORMATION_FORMAT = "dwarf-with-dsym";
				ENABLE_NS_ASSERTIONS = NO;
				ENABLE_STRICT_OBJC_MSGSEND = YES;
				MACOSX_DEPLOYMENT_TARGET = 14.0;
				MTL_ENABLE_DEBUG_INFO = NO;
				SDKROOT = macosx;
				SWIFT_COMPILATION_MODE = wholemodule;
				SWIFT_VERSION = 5.0;
			};
			name = Release;
		};
		D00000000000000000000003 /* Debug */ = {
			isa = XCBuildConfiguration;
			buildSettings = {
				ASSETCATALOG_COMPILER_APPICON_NAME = AppIcon;
				CODE_SIGN_ENTITLEMENTS = TeacherDesk/TeacherDesk.entitlements;
				CODE_SIGN_STYLE = Automatic;
				COMBINE_HIDPI_IMAGES = YES;
				CURRENT_PROJECT_VERSION = 1;
				ENABLE_HARDENED_RUNTIME = YES;
				GENERATE_INFOPLIST_FILE = NO;
				INFOPLIST_FILE = TeacherDesk/Info.plist;
				LD_RUNPATH_SEARCH_PATHS = (
					"$(inherited)",
					"@executable_path/../Frameworks",
				);
				MARKETING_VERSION = 1.0.0;
				PRODUCT_BUNDLE_IDENTIFIER = com.teacherdesk.mac;
				PRODUCT_NAME = "$(TARGET_NAME)";
				SWIFT_EMIT_LOC_STRINGS = NO;
			};
			name = Debug;
		};
		D00000000000000000000004 /* Release */ = {
			isa = XCBuildConfiguration;
			buildSettings = {
				ASSETCATALOG_COMPILER_APPICON_NAME = AppIcon;
				CODE_SIGN_ENTITLEMENTS = TeacherDesk/TeacherDesk.entitlements;
				CODE_SIGN_STYLE = Automatic;
				COMBINE_HIDPI_IMAGES = YES;
				CURRENT_PROJECT_VERSION = 1;
				ENABLE_HARDENED_RUNTIME = YES;
				GENERATE_INFOPLIST_FILE = NO;
				INFOPLIST_FILE = TeacherDesk/Info.plist;
				LD_RUNPATH_SEARCH_PATHS = (
					"$(inherited)",
					"@executable_path/../Frameworks",
				);
				MARKETING_VERSION = 1.0.0;
				PRODUCT_BUNDLE_IDENTIFIER = com.teacherdesk.mac;
				PRODUCT_NAME = "$(TARGET_NAME)";
				SWIFT_EMIT_LOC_STRINGS = NO;
			};
			name = Release;
		};
		D00000000000000000000005 /* Debug */ = {
			isa = XCBuildConfiguration;
			buildSettings = {
				CODE_SIGN_ENTITLEMENTS = TeacherDeskWidget/TeacherDeskWidget.entitlements;
				CODE_SIGN_STYLE = Automatic;
				CURRENT_PROJECT_VERSION = 1;
				ENABLE_HARDENED_RUNTIME = YES;
				GENERATE_INFOPLIST_FILE = NO;
				INFOPLIST_FILE = TeacherDeskWidget/Info.plist;
				LD_RUNPATH_SEARCH_PATHS = (
					"$(inherited)",
					"@executable_path/../Frameworks",
					"@executable_path/../../../../Frameworks",
				);
				MARKETING_VERSION = 1.0.0;
				PRODUCT_BUNDLE_IDENTIFIER = com.teacherdesk.mac.widget;
				PRODUCT_NAME = "$(TARGET_NAME)";
				SKIP_INSTALL = YES;
				SWIFT_EMIT_LOC_STRINGS = NO;
			};
			name = Debug;
		};
		D00000000000000000000006 /* Release */ = {
			isa = XCBuildConfiguration;
			buildSettings = {
				CODE_SIGN_ENTITLEMENTS = TeacherDeskWidget/TeacherDeskWidget.entitlements;
				CODE_SIGN_STYLE = Automatic;
				CURRENT_PROJECT_VERSION = 1;
				ENABLE_HARDENED_RUNTIME = YES;
				GENERATE_INFOPLIST_FILE = NO;
				INFOPLIST_FILE = TeacherDeskWidget/Info.plist;
				LD_RUNPATH_SEARCH_PATHS = (
					"$(inherited)",
					"@executable_path/../Frameworks",
					"@executable_path/../../../../Frameworks",
				);
				MARKETING_VERSION = 1.0.0;
				PRODUCT_BUNDLE_IDENTIFIER = com.teacherdesk.mac.widget;
				PRODUCT_NAME = "$(TARGET_NAME)";
				SKIP_INSTALL = YES;
				SWIFT_EMIT_LOC_STRINGS = NO;
			};
			name = Release;
		};
/* End XCBuildConfiguration section */

/* Begin XCConfigurationList section */
		CL0000000000000000000001 /* Build configuration list for PBXProject "TeacherDesk" */ = {
			isa = XCConfigurationList;
			buildConfigurations = (
				D00000000000000000000001 /* Debug */,
				D00000000000000000000002 /* Release */,
			);
			defaultConfigurationIsVisible = 0;
			defaultConfigurationName = Release;
		};
		CL0000000000000000000002 /* Build configuration list for PBXNativeTarget "TeacherDesk" */ = {
			isa = XCConfigurationList;
			buildConfigurations = (
				D00000000000000000000003 /* Debug */,
				D00000000000000000000004 /* Release */,
			);
			defaultConfigurationIsVisible = 0;
			defaultConfigurationName = Release;
		};
		CL0000000000000000000003 /* Build configuration list for PBXNativeTarget "TeacherDeskWidget" */ = {
			isa = XCConfigurationList;
			buildConfigurations = (
				D00000000000000000000005 /* Debug */,
				D00000000000000000000006 /* Release */,
			);
			defaultConfigurationIsVisible = 0;
			defaultConfigurationName = Release;
		};
/* End XCConfigurationList section */
	};
	rootObject = P00000000000000000000001 /* Project object */;
}
